
Microsoft Visual Studio Solution File, Format Version 12.00
# Visual Studio Version 17
VisualStudioVersion = 17.6.33815.320
MinimumVisualStudioVersion = 10.0.40219.1
Project("{9A19103F-16F7-4668-BE54-9A1E7A4F7556}") = "Service", "TacosApp.Service\Service.csproj", "{96FBD5E6-D803-434C-86F3-DE9D9F49CED7}"
EndProject
Project("{9A19103F-16F7-4668-BE54-9A1E7A4F7556}") = "Views", "TacosApp.Views\Views.csproj", "{1C34DDCC-56B7-49AA-B3DB-2EECF9C3DAE9}"
EndProject
Project("{9A19103F-16F7-4668-BE54-9A1E7A4F7556}") = "Data", "TacosApp.Data\Data.csproj", "{0EE69801-5746-4BF4-89AA-016C4701CDBA}"
EndProject
Project("{9A19103F-16F7-4668-BE54-9A1E7A4F7556}") = "Model", "TacosApp.Model\Model.csproj", "{F60390FD-D687-48E4-92F1-6106AF4734FA}"
EndProject
Project("{9A19103F-16F7-4668-BE54-9A1E7A4F7556}") = "SolidServices", "SolidServices\SolidServices.csproj", "{7925F300-8BC0-4A0C-846E-295E960A6F84}"
EndProject
Project("{FAE04EC0-301F-11D3-BF4B-00C04F79EFBC}") = "CRUD", "CRUD\CRUD.csproj", "{881A555E-4CE8-4992-8442-E0BF158BB06A}"
EndProject
Project("{9A19103F-16F7-4668-BE54-9A1E7A4F7556}") = "Contactos", "Contacts\Contactos.csproj", "{8E944DE7-4FEE-4ACE-B188-3B022B059113}"
EndProject
Project("{FAE04EC0-301F-11D3-BF4B-00C04F79EFBC}") = "Validaciones", "Validaciones\Validaciones.csproj", "{72136F94-3189-4E15-9F6E-3A1F9513DE06}"
EndProject
Global
	GlobalSection(SolutionConfigurationPlatforms) = preSolution
		Debug|Any CPU = Debug|Any CPU
		Release|Any CPU = Release|Any CPU
	EndGlobalSection
	GlobalSection(ProjectConfigurationPlatforms) = postSolution
		{96FBD5E6-D803-434C-86F3-DE9D9F49CED7}.Debug|Any CPU.ActiveCfg = Debug|Any CPU
		{96FBD5E6-D803-434C-86F3-DE9D9F49CED7}.Debug|Any CPU.Build.0 = Debug|Any CPU
		{96FBD5E6-D803-434C-86F3-DE9D9F49CED7}.Release|Any CPU.ActiveCfg = Release|Any CPU
		{96FBD5E6-D803-434C-86F3-DE9D9F49CED7}.Release|Any CPU.Build.0 = Release|Any CPU
		{1C34DDCC-56B7-49AA-B3DB-2EECF9C3DAE9}.Debug|Any CPU.ActiveCfg = Debug|Any CPU
		{1C34DDCC-56B7-49AA-B3DB-2EECF9C3DAE9}.Debug|Any CPU.Build.0 = Debug|Any CPU
		{1C34DDCC-56B7-49AA-B3DB-2EECF9C3DAE9}.Release|Any CPU.ActiveCfg = Release|Any CPU
		{1C34DDCC-56B7-49AA-B3DB-2EECF9C3DAE9}.Release|Any CPU.Build.0 = Release|Any CPU
		{0EE69801-5746-4BF4-89AA-016C4701CDBA}.Debug|Any CPU.ActiveCfg = Debug|Any CPU
		{0EE69801-5746-4BF4-89AA-016C4701CDBA}.Debug|Any CPU.Build.0 = Debug|Any CPU
		{0EE69801-5746-4BF4-89AA-016C4701CDBA}.Release|Any CPU.ActiveCfg = Release|Any CPU
		{0EE69801-5746-4BF4-89AA-016C4701CDBA}.Release|Any CPU.Build.0 = Release|Any CPU
		{F60390FD-D687-48E4-92F1-6106AF4734FA}.Debug|Any CPU.ActiveCfg = Debug|Any CPU
		{F60390FD-D687-48E4-92F1-6106AF4734FA}.Debug|Any CPU.Build.0 = Debug|Any CPU
		{F60390FD-D687-48E4-92F1-6106AF4734FA}.Release|Any CPU.ActiveCfg = Release|Any CPU
		{F60390FD-D687-48E4-92F1-6106AF4734FA}.Release|Any CPU.Build.0 = Release|Any CPU
		{7925F300-8BC0-4A0C-846E-295E960A6F84}.Debug|Any CPU.ActiveCfg = Debug|Any CPU
		{7925F300-8BC0-4A0C-846E-295E960A6F84}.Debug|Any CPU.Build.0 = Debug|Any CPU
		{7925F300-8BC0-4A0C-846E-295E960A6F84}.Release|Any CPU.ActiveCfg = Release|Any CPU
		{7925F300-8BC0-4A0C-846E-295E960A6F84}.Release|Any CPU.Build.0 = Release|Any CPU
		{881A555E-4CE8-4992-8442-E0BF158BB06A}.Debug|Any CPU.ActiveCfg = Debug|Any CPU
		{881A555E-4CE8-4992-8442-E0BF158BB06A}.Debug|Any CPU.Build.0 = Debug|Any CPU
		{881A555E-4CE8-4992-8442-E0BF158BB06A}.Release|Any CPU.ActiveCfg = Release|Any CPU
		{881A555E-4CE8-4992-8442-E0BF158BB06A}.Release|Any CPU.Build.0 = Release|Any CPU
		{8E944DE7-4FEE-4ACE-B188-3B022B059113}.Debug|Any CPU.ActiveCfg = Debug|Any CPU
		{8E944DE7-4FEE-4ACE-B188-3B022B059113}.Debug|Any CPU.Build.0 = Debug|Any CPU
		{8E944DE7-4FEE-4ACE-B188-3B022B059113}.Release|Any CPU.ActiveCfg = Release|Any CPU
		{8E944DE7-4FEE-4ACE-B188-3B022B059113}.Release|Any CPU.Build.0 = Release|Any CPU
		{72136F94-3189-4E15-9F6E-3A1F9513DE06}.Debug|Any CPU.ActiveCfg = Debug|Any CPU
		{72136F94-3189-4E15-9F6E-3A1F9513DE06}.Debug|Any CPU.Build.0 = Debug|Any CPU
		{72136F94-3189-4E15-9F6E-3A1F9513DE06}.Release|Any CPU.ActiveCfg = Release|Any CPU
		{72136F94-3189-4E15-9F6E-3A1F9513DE06}.Release|Any CPU.Build.0 = Release|Any CPU
	EndGlobalSection
	GlobalSection(SolutionProperties) = preSolution
		HideSolutionNode = FALSE
	EndGlobalSection
	GlobalSection(ExtensibilityGlobals) = postSolution
		SolutionGuid = {C0FBB806-49D7-44D7-9FEE-3E224F4BD967}
	EndGlobalSection
EndGlobal
